
Microsoft Visual Studio Solution File, Format Version 12.00
# Visual Studio Version 17
VisualStudioVersion = 17.4.33213.308
MinimumVisualStudioVersion = 10.0.40219.1
Project("{9A19103F-16F7-4668-BE54-9A1E7A4F7556}") = "MyNumberUnitTests", "MyNumberUnitTests.csproj", "{75E60B9B-DA80-4B0F-A3B3-181CF536576C}"
EndProject
Global
	GlobalSection(SolutionConfigurationPlatforms) = preSolution
		Debug|Any CPU = Debug|Any CPU
		Release|Any CPU = Release|Any CPU
	EndGlobalSection
	GlobalSection(ProjectConfigurationPlatforms) = postSolution
		{75E60B9B-DA80-4B0F-A3B3-181CF536576C}.Debug|Any CPU.ActiveCfg = Debug|Any CPU
		{75E60B9B-DA80-4B0F-A3B3-181CF536576C}.Debug|Any CPU.Build.0 = Debug|Any CPU
		{75E60B9B-DA80-4B0F-A3B3-181CF536576C}.Release|Any CPU.ActiveCfg = Release|Any CPU
		{75E60B9B-DA80-4B0F-A3B3-181CF536576C}.Release|Any CPU.Build.0 = Release|Any CPU
	EndGlobalSection
	GlobalSection(SolutionProperties) = preSolution
		HideSolutionNode = FALSE
	EndGlobalSection
	GlobalSection(ExtensibilityGlobals) = postSolution
		SolutionGuid = {DA1439BE-1D52-491D-B52D-706D1FE0F081}
	EndGlobalSection
EndGlobal
